// !$*UTF8*$!
{
	archiveVersion = 1;
	classes = {
	};
	objectVersion = 77;
	objects = {

/* Begin PBXContainerItemProxy section */
		07693F032E6A56A3000A8C1A /* PBXContainerItemProxy */ = {
			isa = PBXContainerItemProxy;
			containerPortal = 07693EED2E6A56A0000A8C1A /* Project object */;
			proxyType = 1;
			remoteGlobalIDString = 07693EF42E6A56A0000A8C1A;
			remoteInfo = "momentum-iOS";
		};
		07693F0D2E6A56A3000A8C1A /* PBXContainerItemProxy */ = {
			isa = PBXContainerItemProxy;
			containerPortal = 07693EED2E6A56A0000A8C1A /* Project object */;
			proxyType = 1;
			remoteGlobalIDString = 07693EF42E6A56A0000A8C1A;
			remoteInfo = "momentum-iOS";
		};
/* End PBXContainerItemProxy section */

/* Begin PBXFileReference section */
		07693EF52E6A56A0000A8C1A /* momentum-iOS.app */ = {isa = PBXFileReference; explicitFileType = wrapper.application; includeInIndex = 0; path = "momentum-iOS.app"; sourceTree = BUILT_PRODUCTS_DIR; };
		07693F022E6A56A3000A8C1A /* momentum-iOSTests.xctest */ = {isa = PBXFileReference; explicitFileType = wrapper.cfbundle; includeInIndex = 0; path = "momentum-iOSTests.xctest"; sourceTree = BUILT_PRODUCTS_DIR; };
		07693F0C2E6A56A3000A8C1A /* momentum-iOSUITests.xctest */ = {isa = PBXFileReference; explicitFileType = wrapper.cfbundle; includeInIndex = 0; path = "momentum-iOSUITests.xctest"; sourceTree = BUILT_PRODUCTS_DIR; };
/* End PBXFileReference section */

/* Begin PBXFileSystemSynchronizedRootGroup section */
		07693EF72E6A56A0000A8C1A /* momentum-iOS */ = {
			isa = PBXFileSystemSynchronizedRootGroup;
			path = "momentum-iOS";
			sourceTree = "<group>";
		};
		07693F052E6A56A3000A8C1A /* momentum-iOSTests */ = {
			isa = PBXFileSystemSynchronizedRootGroup;
			path = "momentum-iOSTests";
			sourceTree = "<group>";
		};
		07693F0F2E6A56A3000A8C1A /* momentum-iOSUITests */ = {
			isa = PBXFileSystemSynchronizedRootGroup;
			path = "momentum-iOSUITests";
			sourceTree = "<group>";
		};
/* End PBXFileSystemSynchronizedRootGroup section */

/* Begin PBXFrameworksBuildPhase section */
		07693EF22E6A56A0000A8C1A /* Frameworks */ = {
			isa = PBXFrameworksBuildPhase;
			buildActionMask = 2147483647;
			files = (
			);
			runOnlyForDeploymentPostprocessing = 0;
		};
		07693EFF2E6A56A3000A8C1A /* Frameworks */ = {
			isa = PBXFrameworksBuildPhase;
			buildActionMask = 2147483647;
			files = (
			);
			runOnlyForDeploymentPostprocessing = 0;
		};
		07693F092E6A56A3000A8C1A /* Frameworks */ = {
			isa = PBXFrameworksBuildPhase;
			buildActionMask = 2147483647;
			files = (
			);
			runOnlyForDeploymentPostprocessing = 0;
		};
/* End PBXFrameworksBuildPhase section */

/* Begin PBXGroup section */
		07693EEC2E6A56A0000A8C1A = {
			isa = PBXGroup;
			children = (
				07693EF72E6A56A0000A8C1A /* momentum-iOS */,
				07693F052E6A56A3000A8C1A /* momentum-iOSTests */,
				07693F0F2E6A56A3000A8C1A /* momentum-iOSUITests */,
				07693EF62E6A56A0000A8C1A /* Products */,
			);
			sourceTree = "<group>";
		};
		07693EF62E6A56A0000A8C1A /* Products */ = {
			isa = PBXGroup;
			children = (
				07693EF52E6A56A0000A8C1A /* momentum-iOS.app */,
				07693F022E6A56A3000A8C1A /* momentum-iOSTests.xctest */,
				07693F0C2E6A56A3000A8C1A /* momentum-iOSUITests.xctest */,
			);
			name = Products;
			sourceTree = "<group>";
		};
/* End PBXGroup section */

/* Begin PBXNativeTarget section */
		07693EF42E6A56A0000A8C1A /* momentum-iOS */ = {
			isa = PBXNativeTarget;
			buildConfigurationList = 07693F162E6A56A3000A8C1A /* Build configuration list for PBXNativeTarget "momentum-iOS" */;
			buildPhases = (
				07693EF12E6A56A0000A8C1A /* Sources */,
				07693EF22E6A56A0000A8C1A /* Frameworks */,
				07693EF32E6A56A0000A8C1A /* Resources */,
			);
			buildRules = (
			);
			dependencies = (
			);
			fileSystemSynchronizedGroups = (
				07693EF72E6A56A0000A8C1A /* momentum-iOS */,
			);
			name = "momentum-iOS";
			packageProductDependencies = (
			);
			productName = "momentum-iOS";
			productReference = 07693EF52E6A56A0000A8C1A /* momentum-iOS.app */;
			productType = "com.apple.product-type.application";
		};
		07693F012E6A56A3000A8C1A /* momentum-iOSTests */ = {
			isa = PBXNativeTarget;
			buildConfigurationList = 07693F192E6A56A3000A8C1A /* Build configuration list for PBXNativeTarget "momentum-iOSTests" */;
			buildPhases = (
				07693EFE2E6A56A3000A8C1A /* Sources */,
				07693EFF2E6A56A3000A8C1A /* Frameworks */,
				07693F002E6A56A3000A8C1A /* Resources */,
			);
			buildRules = (
			);
			dependencies = (
				07693F042E6A56A3000A8C1A /* PBXTargetDependency */,
			);
			fileSystemSynchronizedGroups = (
				07693F052E6A56A3000A8C1A /* momentum-iOSTests */,
			);
			name = "momentum-iOSTests";
			packageProductDependencies = (
			);
			productName = "momentum-iOSTests";
			productReference = 07693F022E6A56A3000A8C1A /* momentum-iOSTests.xctest */;
			productType = "com.apple.product-type.bundle.unit-test";
		};
		07693F0B2E6A56A3000A8C1A /* momentum-iOSUITests */ = {
			isa = PBXNativeTarget;
			buildConfigurationList = 07693F1C2E6A56A3000A8C1A /* Build configuration list for PBXNativeTarget "momentum-iOSUITests" */;
			buildPhases = (
				07693F082E6A56A3000A8C1A /* Sources */,
				07693F092E6A56A3000A8C1A /* Frameworks */,
				07693F0A2E6A56A3000A8C1A /* Resources */,
			);
			buildRules = (
			);
			dependencies = (
				07693F0E2E6A56A3000A8C1A /* PBXTargetDependency */,
			);
			fileSystemSynchronizedGroups = (
				07693F0F2E6A56A3000A8C1A /* momentum-iOSUITests */,
			);
			name = "momentum-iOSUITests";
			packageProductDependencies = (
			);
			productName = "momentum-iOSUITests";
			productReference = 07693F0C2E6A56A3000A8C1A /* momentum-iOSUITests.xctest */;
			productType = "com.apple.product-type.bundle.ui-testing";
		};
/* End PBXNativeTarget section */

/* Begin PBXProject section */
		07693EED2E6A56A0000A8C1A /* Project object */ = {
			isa = PBXProject;
			attributes = {
				BuildIndependentTargetsInParallel = 1;
				LastSwiftUpdateCheck = 1640;
				LastUpgradeCheck = 1640;
				TargetAttributes = {
					07693EF42E6A56A0000A8C1A = {
						CreatedOnToolsVersion = 16.4;
					};
					07693F012E6A56A3000A8C1A = {
						CreatedOnToolsVersion = 16.4;
						TestTargetID = 07693EF42E6A56A0000A8C1A;
					};
					07693F0B2E6A56A3000A8C1A = {
						CreatedOnToolsVersion = 16.4;
						TestTargetID = 07693EF42E6A56A0000A8C1A;
					};
				};
			};
			buildConfigurationList = 07693EF02E6A56A0000A8C1A /* Build configuration list for PBXProject "momentum-iOS" */;
			developmentRegion = en;
			hasScannedForEncodings = 0;
			knownRegions = (
				en,
				Base,
			);
			mainGroup = 07693EEC2E6A56A0000A8C1A;
			minimizedProjectReferenceProxies = 1;
			packageReferences = (
				07693F242E6A587B000A8C1A /* XCRemoteSwiftPackageReference "KeychainAccess" */,
			);
			preferredProjectObjectVersion = 77;
			productRefGroup = 07693EF62E6A56A0000A8C1A /* Products */;
			projectDirPath = "";
			projectRoot = "";
			targets = (
				07693EF42E6A56A0000A8C1A /* momentum-iOS */,
				07693F012E6A56A3000A8C1A /* momentum-iOSTests */,
				07693F0B2E6A56A3000A8C1A /* momentum-iOSUITests */,
			);
		};
/* End PBXProject section */

/* Begin PBXResourcesBuildPhase section */
		07693EF32E6A56A0000A8C1A /* Resources */ = {
			isa = PBXResourcesBuildPhase;
			buildActionMask = 2147483647;
			files = (
			);
			runOnlyForDeploymentPostprocessing = 0;
		};
		07693F002E6A56A3000A8C1A /* Resources */ = {
			isa = PBXResourcesBuildPhase;
			buildActionMask = 2147483647;
			files = (
			);
			runOnlyForDeploymentPostprocessing = 0;
		};
		07693F0A2E6A56A3000A8C1A /* Resources */ = {
			isa = PBXResourcesBuildPhase;
			buildActionMask = 2147483647;
			files = (
			);
			runOnlyForDeploymentPostprocessing = 0;
		};
/* End PBXResourcesBuildPhase section */

/* Begin PBXSourcesBuildPhase section */
		07693EF12E6A56A0000A8C1A /* Sources */ = {
			isa = PBXSourcesBuildPhase;
			buildActionMask = 2147483647;
			files = (
			);
			runOnlyForDeploymentPostprocessing = 0;
		};
		07693EFE2E6A56A3000A8C1A /* Sources */ = {
			isa = PBXSourcesBuildPhase;
			buildActionMask = 2147483647;
			files = (
			);
			runOnlyForDeploymentPostprocessing = 0;
		};
		07693F082E6A56A3000A8C1A /* Sources */ = {
			isa = PBXSourcesBuildPhase;
			buildActionMask = 2147483647;
			files = (
			);
			runOnlyForDeploymentPostprocessing = 0;
		};
/* End PBXSourcesBuildPhase section */

/* Begin PBXTargetDependency section */
		07693F042E6A56A3000A8C1A /* PBXTargetDependency */ = {
			isa = PBXTargetDependency;
			target = 07693EF42E6A56A0000A8C1A /* momentum-iOS */;
			targetProxy = 07693F032E6A56A3000A8C1A /* PBXContainerItemProxy */;
		};
		07693F0E2E6A56A3000A8C1A /* PBXTargetDependency */ = {
			isa = PBXTargetDependency;
			target = 07693EF42E6A56A0000A8C1A /* momentum-iOS */;
			targetProxy = 07693F0D2E6A56A3000A8C1A /* PBXContainerItemProxy */;
		};
/* End PBXTargetDependency section */

/* Begin XCBuildConfiguration section */
		07693F142E6A56A3000A8C1A /* Debug */ = {
			isa = XCBuildConfiguration;
			buildSettings = {
				ALWAYS_SEARCH_USER_PATHS = NO;
				ASSETCATALOG_COMPILER_GENERATE_SWIFT_ASSET_SYMBOL_EXTENSIONS = YES;
				CLANG_ANALYZER_NONNULL = YES;
				CLANG_ANALYZER_NUMBER_OBJECT_CONVERSION = YES_AGGRESSIVE;
				CLANG_CXX_LANGUAGE_STANDARD = "gnu++20";
				CLANG_ENABLE_MODULES = YES;
				CLANG_ENABLE_OBJC_ARC = YES;
				CLANG_ENABLE_OBJC_WEAK = YES;
				CLANG_WARN_BLOCK_CAPTURE_AUTORELEASING = YES;
				CLANG_WARN_BOOL_CONVERSION = YES;
				CLANG_WARN_COMMA = YES;
				CLANG_WARN_CONSTANT_CONVERSION = YES;
				CLANG_WARN_DEPRECATED_OBJC_IMPLEMENTATIONS = YES;
				CLANG_WARN_DIRECT_OBJC_ISA_USAGE = YES_ERROR;
				CLANG_WARN_DOCUMENTATION_COMMENTS = YES;
				CLANG_WARN_EMPTY_BODY = YES;
				CLANG_WARN_ENUM_CONVERSION = YES;
				CLANG_WARN_INFINITE_RECURSION = YES;
				CLANG_WARN_INT_CONVERSION = YES;
				CLANG_WARN_NON_LITERAL_NULL_CONVERSION = YES;
				CLANG_WARN_OBJC_IMPLICIT_RETAIN_SELF = YES;
				CLANG_WARN_OBJC_LITERAL_CONVERSION = YES;
				CLANG_WARN_OBJC_ROOT_CLASS = YES_ERROR;
				CLANG_WARN_QUOTED_INCLUDE_IN_FRAMEWORK_HEADER = YES;
				CLANG_WARN_RANGE_LOOP_ANALYSIS = YES;
				CLANG_WARN_STRICT_PROTOTYPES = YES;
				CLANG_WARN_SUSPICIOUS_MOVE = YES;
				CLANG_WARN_UNGUARDED_AVAILABILITY = YES_AGGRESSIVE;
				CLANG_WARN_UNREACHABLE_CODE = YES;
				CLANG_WARN__DUPLICATE_METHOD_MATCH = YES;
				COPY_PHASE_STRIP = NO;
				DEBUG_INFORMATION_FORMAT = dwarf;
				ENABLE_STRICT_OBJC_MSGSEND = YES;
				ENABLE_TESTABILITY = YES;
				ENABLE_USER_SCRIPT_SANDBOXING = YES;
				GCC_C_LANGUAGE_STANDARD = gnu17;
				GCC_DYNAMIC_NO_PIC = NO;
				GCC_NO_COMMON_BLOCKS = YES;
				GCC_OPTIMIZATION_LEVEL = 0;
				GCC_PREPROCESSOR_DEFINITIONS = (
					"DEBUG=1",
					"$(inherited)",
				);
				GCC_WARN_64_TO_32_BIT_CONVERSION = YES;
				GCC_WARN_ABOUT_RETURN_TYPE = YES_ERROR;
				GCC_WARN_UNDECLARED_SELECTOR = YES;
				GCC_WARN_UNINITIALIZED_AUTOS = YES_AGGRESSIVE;
				GCC_WARN_UNUSED_FUNCTION = YES;
				GCC_WARN_UNUSED_VARIABLE = YES;
				IPHONEOS_DEPLOYMENT_TARGET = 18.5;
				LOCALIZATION_PREFERS_STRING_CATALOGS = YES;
				MTL_ENABLE_DEBUG_INFO = INCLUDE_SOURCE;
				MTL_FAST_MATH = YES;
				ONLY_ACTIVE_ARCH = YES;
				SDKROOT = iphoneos;
				SWIFT_ACTIVE_COMPILATION_CONDITIONS = "DEBUG $(inherited)";
				SWIFT_OPTIMIZATION_LEVEL = "-Onone";
			};
			name = Debug;
		};
		07693F152E6A56A3000A8C1A /* Release */ = {
			isa = XCBuildConfiguration;
			buildSettings = {
				ALWAYS_SEARCH_USER_PATHS = NO;
				ASSETCATALOG_COMPILER_GENERATE_SWIFT_ASSET_SYMBOL_EXTENSIONS = YES;
				CLANG_ANALYZER_NONNULL = YES;
				CLANG_ANALYZER_NUMBER_OBJECT_CONVERSION = YES_AGGRESSIVE;
				CLANG_CXX_LANGUAGE_STANDARD = "gnu++20";
				CLANG_ENABLE_MODULES = YES;
				CLANG_ENABLE_OBJC_ARC = YES;
				CLANG_ENABLE_OBJC_WEAK = YES;
				CLANG_WARN_BLOCK_CAPTURE_AUTORELEASING = YES;
				CLANG_WARN_BOOL_CONVERSION = YES;
				CLANG_WARN_COMMA = YES;
				CLANG_WARN_CONSTANT_CONVERSION = YES;
				CLANG_WARN_DEPRECATED_OBJC_IMPLEMENTATIONS = YES;
				CLANG_WARN_DIRECT_OBJC_ISA_USAGE = YES_ERROR;
				CLANG_WARN_DOCUMENTATION_COMMENTS = YES;
				CLANG_WARN_EMPTY_BODY = YES;
				CLANG_WARN_ENUM_CONVERSION = YES;
				CLANG_WARN_INFINITE_RECURSION = YES;
				CLANG_WARN_INT_CONVERSION = YES;
				CLANG_WARN_NON_LITERAL_NULL_CONVERSION = YES;
				CLANG_WARN_OBJC_IMPLICIT_RETAIN_SELF = YES;
				CLANG_WARN_OBJC_LITERAL_CONVERSION = YES;
				CLANG_WARN_OBJC_ROOT_CLASS = YES_ERROR;
				CLANG_WARN_QUOTED_INCLUDE_IN_FRAMEWORK_HEADER = YES;
				CLANG_WARN_RANGE_LOOP_ANALYSIS = YES;
				CLANG_WARN_STRICT_PROTOTYPES = YES;
				CLANG_WARN_SUSPICIOUS_MOVE = YES;
				CLANG_WARN_UNGUARDED_AVAILABILITY = YES_AGGRESSIVE;
				CLANG_WARN_UNREACHABLE_CODE = YES;
				CLANG_WARN__DUPLICATE_METHOD_MATCH = YES;
				COPY_PHASE_STRIP = NO;
				DEBUG_INFORMATION_FORMAT = "dwarf-with-dsym";
				ENABLE_NS_ASSERTIONS = NO;
				ENABLE_STRICT_OBJC_MSGSEND = YES;
				ENABLE_USER_SCRIPT_SANDBOXING = YES;
				GCC_C_LANGUAGE_STANDARD = gnu17;
				GCC_NO_COMMON_BLOCKS = YES;
				GCC_WARN_64_TO_32_BIT_CONVERSION = YES;
				GCC_WARN_ABOUT_RETURN_TYPE = YES_ERROR;
				GCC_WARN_UNDECLARED_SELECTOR = YES;
				GCC_WARN_UNINITIALIZED_AUTOS = YES_AGGRESSIVE;
				GCC_WARN_UNUSED_FUNCTION = YES;
				GCC_WARN_UNUSED_VARIABLE = YES;
				IPHONEOS_DEPLOYMENT_TARGET = 18.5;
				LOCALIZATION_PREFERS_STRING_CATALOGS = YES;
				MTL_ENABLE_DEBUG_INFO = NO;
				MTL_FAST_MATH = YES;
				SDKROOT = iphoneos;
				SWIFT_COMPILATION_MODE = wholemodule;
				VALIDATE_PRODUCT = YES;
			};
			name = Release;
		};
		07693F172E6A56A3000A8C1A /* Debug */ = {
			isa = XCBuildConfiguration;
			buildSettings = {
				ASSETCATALOG_COMPILER_APPICON_NAME = AppIcon;
				ASSETCATALOG_COMPILER_GLOBAL_ACCENT_COLOR_NAME = AccentColor;
				CODE_SIGN_STYLE = Automatic;
				CURRENT_PROJECT_VERSION = 1;
				DEVELOPMENT_TEAM = RR687A8SCL;
				ENABLE_PREVIEWS = YES;
				GENERATE_INFOPLIST_FILE = YES;
				INFOPLIST_KEY_UIApplicationSceneManifest_Generation = YES;
				INFOPLIST_KEY_UIApplicationSupportsIndirectInputEvents = YES;
				INFOPLIST_KEY_UILaunchScreen_Generation = YES;
				INFOPLIST_KEY_UISupportedInterfaceOrientations_iPad = "UIInterfaceOrientationPortrait UIInterfaceOrientationPortraitUpsideDown UIInterfaceOrientationLandscapeLeft UIInterfaceOrientationLandscapeRight";
				INFOPLIST_KEY_UISupportedInterfaceOrientations_iPhone = "UIInterfaceOrientationPortrait UIInterfaceOrientationLandscapeLeft UIInterfaceOrientationLandscapeRight";
				LD_RUNPATH_SEARCH_PATHS = (
					"$(inherited)",
					"@executable_path/Frameworks",
				);
				MARKETING_VERSION = 1.0;
				PRODUCT_BUNDLE_IDENTIFIER = "Aman-Bhardwaj.momentum-iOS";
				PRODUCT_NAME = "$(TARGET_NAME)";
				SWIFT_EMIT_LOC_STRINGS = YES;
				SWIFT_VERSION = 5.0;
				TARGETED_DEVICE_FAMILY = "1,2";
			};
			name = Debug;
		};
		07693F182E6A56A3000A8C1A /* Release */ = {
			isa = XCBuildConfiguration;
			buildSettings = {
				ASSETCATALOG_COMPILER_APPICON_NAME = AppIcon;
				ASSETCATALOG_COMPILER_GLOBAL_ACCENT_COLOR_NAME = AccentColor;
				CODE_SIGN_STYLE = Automatic;
				CURRENT_PROJECT_VERSION = 1;
				DEVELOPMENT_TEAM = RR687A8SCL;
				ENABLE_PREVIEWS = YES;
				GENERATE_INFOPLIST_FILE = YES;
				INFOPLIST_KEY_UIApplicationSceneManifest_Generation = YES;
				INFOPLIST_KEY_UIApplicationSupportsIndirectInputEvents = YES;
				INFOPLIST_KEY_UILaunchScreen_Generation = YES;
				INFOPLIST_KEY_UISupportedInterfaceOrientations_iPad = "UIInterfaceOrientationPortrait UIInterfaceOrientationPortraitUpsideDown UIInterfaceOrientationLandscapeLeft UIInterfaceOrientationLandscapeRight";
				INFOPLIST_KEY_UISupportedInterfaceOrientations_iPhone = "UIInterfaceOrientationPortrait UIInterfaceOrientationLandscapeLeft UIInterfaceOrientationLandscapeRight";
				LD_RUNPATH_SEARCH_PATHS = (
					"$(inherited)",
					"@executable_path/Frameworks",
				);
				MARKETING_VERSION = 1.0;
				PRODUCT_BUNDLE_IDENTIFIER = "Aman-Bhardwaj.momentum-iOS";
				PRODUCT_NAME = "$(TARGET_NAME)";
				SWIFT_EMIT_LOC_STRINGS = YES;
				SWIFT_VERSION = 5.0;
				TARGETED_DEVICE_FAMILY = "1,2";
			};
			name = Release;
		};
		07693F1A2E6A56A3000A8C1A /* Debug */ = {
			isa = XCBuildConfiguration;
			buildSettings = {
				BUNDLE_LOADER = "$(TEST_HOST)";
				CODE_SIGN_STYLE = Automatic;
				CURRENT_PROJECT_VERSION = 1;
				GENERATE_INFOPLIST_FILE = YES;
				IPHONEOS_DEPLOYMENT_TARGET = 18.5;
				MARKETING_VERSION = 1.0;
				PRODUCT_BUNDLE_IDENTIFIER = "Aman-Bhardwaj.momentum-iOSTests";
				PRODUCT_NAME = "$(TARGET_NAME)";
				SWIFT_EMIT_LOC_STRINGS = NO;
				SWIFT_VERSION = 5.0;
				TARGETED_DEVICE_FAMILY = "1,2";
				TEST_HOST = "$(BUILT_PRODUCTS_DIR)/momentum-iOS.app/$(BUNDLE_EXECUTABLE_FOLDER_PATH)/momentum-iOS";
			};
			name = Debug;
		};
		07693F1B2E6A56A3000A8C1A /* Release */ = {
			isa = XCBuildConfiguration;
			buildSettings = {
				BUNDLE_LOADER = "$(TEST_HOST)";
				CODE_SIGN_STYLE = Automatic;
				CURRENT_PROJECT_VERSION = 1;
				GENERATE_INFOPLIST_FILE = YES;
				IPHONEOS_DEPLOYMENT_TARGET = 18.5;
				MARKETING_VERSION = 1.0;
				PRODUCT_BUNDLE_IDENTIFIER = "Aman-Bhardwaj.momentum-iOSTests";
				PRODUCT_NAME = "$(TARGET_NAME)";
				SWIFT_EMIT_LOC_STRINGS = NO;
				SWIFT_VERSION = 5.0;
				TARGETED_DEVICE_FAMILY = "1,2";
				TEST_HOST = "$(BUILT_PRODUCTS_DIR)/momentum-iOS.app/$(BUNDLE_EXECUTABLE_FOLDER_PATH)/momentum-iOS";
			};
			name = Release;
		};
		07693F1D2E6A56A3000A8C1A /* Debug */ = {
			isa = XCBuildConfiguration;
			buildSettings = {
				CODE_SIGN_STYLE = Automatic;
				CURRENT_PROJECT_VERSION = 1;
				GENERATE_INFOPLIST_FILE = YES;
				MARKETING_VERSION = 1.0;
				PRODUCT_BUNDLE_IDENTIFIER = "Aman-Bhardwaj.momentum-iOSUITests";
				PRODUCT_NAME = "$(TARGET_NAME)";
				SWIFT_EMIT_LOC_STRINGS = NO;
				SWIFT_VERSION = 5.0;
				TARGETED_DEVICE_FAMILY = "1,2";
				TEST_TARGET_NAME = "momentum-iOS";
			};
			name = Debug;
		};
		07693F1E2E6A56A3000A8C1A /* Release */ = {
			isa = XCBuildConfiguration;
			buildSettings = {
				CODE_SIGN_STYLE = Automatic;
				CURRENT_PROJECT_VERSION = 1;
				GENERATE_INFOPLIST_FILE = YES;
				MARKETING_VERSION = 1.0;
				PRODUCT_BUNDLE_IDENTIFIER = "Aman-Bhardwaj.momentum-iOSUITests";
				PRODUCT_NAME = "$(TARGET_NAME)";
				SWIFT_EMIT_LOC_STRINGS = NO;
				SWIFT_VERSION = 5.0;
				TARGETED_DEVICE_FAMILY = "1,2";
				TEST_TARGET_NAME = "momentum-iOS";
			};
			name = Release;
		};
/* End XCBuildConfiguration section */

/* Begin XCConfigurationList section */
		07693EF02E6A56A0000A8C1A /* Build configuration list for PBXProject "momentum-iOS" */ = {
			isa = XCConfigurationList;
			buildConfigurations = (
				07693F142E6A56A3000A8C1A /* Debug */,
				07693F152E6A56A3000A8C1A /* Release */,
			);
			defaultConfigurationIsVisible = 0;
			defaultConfigurationName = Release;
		};
		07693F162E6A56A3000A8C1A /* Build configuration list for PBXNativeTarget "momentum-iOS" */ = {
			isa = XCConfigurationList;
			buildConfigurations = (
				07693F172E6A56A3000A8C1A /* Debug */,
				07693F182E6A56A3000A8C1A /* Release */,
			);
			defaultConfigurationIsVisible = 0;
			defaultConfigurationName = Release;
		};
		07693F192E6A56A3000A8C1A /* Build configuration list for PBXNativeTarget "momentum-iOSTests" */ = {
			isa = XCConfigurationList;
			buildConfigurations = (
				07693F1A2E6A56A3000A8C1A /* Debug */,
				07693F1B2E6A56A3000A8C1A /* Release */,
			);
			defaultConfigurationIsVisible = 0;
			defaultConfigurationName = Release;
		};
		07693F1C2E6A56A3000A8C1A /* Build configuration list for PBXNativeTarget "momentum-iOSUITests" */ = {
			isa = XCConfigurationList;
			buildConfigurations = (
				07693F1D2E6A56A3000A8C1A /* Debug */,
				07693F1E2E6A56A3000A8C1A /* Release */,
			);
			defaultConfigurationIsVisible = 0;
			defaultConfigurationName = Release;
		};
/* End XCConfigurationList section */

/* Begin XCRemoteSwiftPackageReference section */
		07693F242E6A587B000A8C1A /* XCRemoteSwiftPackageReference "KeychainAccess" */ = {
			isa = XCRemoteSwiftPackageReference;
			repositoryURL = "https://github.com/kishikawakatsumi/KeychainAccess";
			requirement = {
				kind = upToNextMajorVersion;
				minimumVersion = 1.0.0;
			};
		};
/* End XCRemoteSwiftPackageReference section */
	};
	rootObject = 07693EED2E6A56A0000A8C1A /* Project object */;
}
